
Microsoft Visual Studio Solution File, Format Version 12.00
# Visual Studio Version 17
VisualStudioVersion = 17.7.34003.232
MinimumVisualStudioVersion = 10.0.40219.1
Project("{9A19103F-16F7-4668-BE54-9A1E7A4F7556}") = "JewelryShopApp", "JewelryShopApp.csproj", "{0754B103-91DB-495E-B964-5F034913680C}"
EndProject
Global
	GlobalSection(SolutionConfigurationPlatforms) = preSolution
		Debug|Any CPU = Debug|Any CPU
		Release|Any CPU = Release|Any CPU
	EndGlobalSection
	GlobalSection(ProjectConfigurationPlatforms) = postSolution
		{0754B103-91DB-495E-B964-5F034913680C}.Debug|Any CPU.ActiveCfg = Debug|Any CPU
		{0754B103-91DB-495E-B964-5F034913680C}.Debug|Any CPU.Build.0 = Debug|Any CPU
		{0754B103-91DB-495E-B964-5F034913680C}.Release|Any CPU.ActiveCfg = Release|Any CPU
		{0754B103-91DB-495E-B964-5F034913680C}.Release|Any CPU.Build.0 = Release|Any CPU
	EndGlobalSection
	GlobalSection(SolutionProperties) = preSolution
		HideSolutionNode = FALSE
	EndGlobalSection
	GlobalSection(ExtensibilityGlobals) = postSolution
		SolutionGuid = {E8C4F170-3DFA-42C4-A855-3194AB98B80A}
	EndGlobalSection
EndGlobal
